
Microsoft Visual Studio Solution File, Format Version 12.00
# Visual Studio Version 17
VisualStudioVersion = 17.3.32929.385
MinimumVisualStudioVersion = 10.0.40219.1
Project("{FAE04EC0-301F-11D3-BF4B-00C04F79EFBC}") = "Week15OOPAndFiles", "Week15OOPAndFiles\Week15OOPAndFiles.csproj", "{0397D04A-C101-445C-9017-C17F964B296C}"
EndProject
Global
	GlobalSection(SolutionConfigurationPlatforms) = preSolution
		Debug|Any CPU = Debug|Any CPU
		Release|Any CPU = Release|Any CPU
	EndGlobalSection
	GlobalSection(ProjectConfigurationPlatforms) = postSolution
		{0397D04A-C101-445C-9017-C17F964B296C}.Debug|Any CPU.ActiveCfg = Debug|Any CPU
		{0397D04A-C101-445C-9017-C17F964B296C}.Debug|Any CPU.Build.0 = Debug|Any CPU
		{0397D04A-C101-445C-9017-C17F964B296C}.Release|Any CPU.ActiveCfg = Release|Any CPU
		{0397D04A-C101-445C-9017-C17F964B296C}.Release|Any CPU.Build.0 = Release|Any CPU
	EndGlobalSection
	GlobalSection(SolutionProperties) = preSolution
		HideSolutionNode = FALSE
	EndGlobalSection
	GlobalSection(ExtensibilityGlobals) = postSolution
		SolutionGuid = {0DE7E0E0-2C44-482E-8557-3F298115DE62}
	EndGlobalSection
EndGlobal
